
Microsoft Visual Studio Solution File, Format Version 12.00
# Visual Studio 15
VisualStudioVersion = 15.0.28307.1800
MinimumVisualStudioVersion = 10.0.40219.1
Project("{FAE04EC0-301F-11D3-BF4B-00C04F79EFBC}") = "MyAdvices.Web", "MyAdvices.Web\MyAdvices.Web.csproj", "{3100AD75-284C-43D1-955B-5651C11694EE}"
EndProject
Project("{FAE04EC0-301F-11D3-BF4B-00C04F79EFBC}") = "MyAdvices.BusinessLayer", "MyAdvices.BusinessLayer\MyAdvices.BusinessLayer.csproj", "{99EE4293-8225-47FA-A244-E45A08688D8C}"
EndProject
Project("{FAE04EC0-301F-11D3-BF4B-00C04F79EFBC}") = "MyAdvices.DataAccessLayer", "MyAdvices.DataAccessLayer\MyAdvices.DataAccessLayer.csproj", "{5C3854F9-8D12-4D24-84F5-8536291B48BC}"
EndProject
Project("{FAE04EC0-301F-11D3-BF4B-00C04F79EFBC}") = "MyAdvices.Entities", "MyAdvices.Entities\MyAdvices.Entities.csproj", "{8DC4763A-3A53-4600-9241-80ECA6943EFA}"
EndProject
Project("{FAE04EC0-301F-11D3-BF4B-00C04F79EFBC}") = "MyAdvices.Common", "MyAdvices.Common\MyAdvices.Common.csproj", "{0B7F6944-ECC9-4D23-8939-5D8852E1EEAE}"
EndProject
Project("{FAE04EC0-301F-11D3-BF4B-00C04F79EFBC}") = "MyAdvices.Core", "MyAdvices.Core\MyAdvices.Core.csproj", "{34DB04F5-C12C-4564-A112-354603B29023}"
EndProject
Global
	GlobalSection(SolutionConfigurationPlatforms) = preSolution
		Debug|Any CPU = Debug|Any CPU
		Debug|ARM = Debug|ARM
		Debug|ARM64 = Debug|ARM64
		Debug|x64 = Debug|x64
		Debug|x86 = Debug|x86
		Release|Any CPU = Release|Any CPU
		Release|ARM = Release|ARM
		Release|ARM64 = Release|ARM64
		Release|x64 = Release|x64
		Release|x86 = Release|x86
	EndGlobalSection
	GlobalSection(ProjectConfigurationPlatforms) = postSolution
		{3100AD75-284C-43D1-955B-5651C11694EE}.Debug|Any CPU.ActiveCfg = Debug|Any CPU
		{3100AD75-284C-43D1-955B-5651C11694EE}.Debug|Any CPU.Build.0 = Debug|Any CPU
		{3100AD75-284C-43D1-955B-5651C11694EE}.Debug|ARM.ActiveCfg = Debug|Any CPU
		{3100AD75-284C-43D1-955B-5651C11694EE}.Debug|ARM.Build.0 = Debug|Any CPU
		{3100AD75-284C-43D1-955B-5651C11694EE}.Debug|ARM64.ActiveCfg = Debug|Any CPU
		{3100AD75-284C-43D1-955B-5651C11694EE}.Debug|ARM64.Build.0 = Debug|Any CPU
		{3100AD75-284C-43D1-955B-5651C11694EE}.Debug|x64.ActiveCfg = Debug|Any CPU
		{3100AD75-284C-43D1-955B-5651C11694EE}.Debug|x64.Build.0 = Debug|Any CPU
		{3100AD75-284C-43D1-955B-5651C11694EE}.Debug|x86.ActiveCfg = Debug|Any CPU
		{3100AD75-284C-43D1-955B-5651C11694EE}.Debug|x86.Build.0 = Debug|Any CPU
		{3100AD75-284C-43D1-955B-5651C11694EE}.Release|Any CPU.ActiveCfg = Release|Any CPU
		{3100AD75-284C-43D1-955B-5651C11694EE}.Release|Any CPU.Build.0 = Release|Any CPU
		{3100AD75-284C-43D1-955B-5651C11694EE}.Release|ARM.ActiveCfg = Release|Any CPU
		{3100AD75-284C-43D1-955B-5651C11694EE}.Release|ARM.Build.0 = Release|Any CPU
		{3100AD75-284C-43D1-955B-5651C11694EE}.Release|ARM64.ActiveCfg = Release|Any CPU
		{3100AD75-284C-43D1-955B-5651C11694EE}.Release|ARM64.Build.0 = Release|Any CPU
		{3100AD75-284C-43D1-955B-5651C11694EE}.Release|x64.ActiveCfg = Release|Any CPU
		{3100AD75-284C-43D1-955B-5651C11694EE}.Release|x64.Build.0 = Release|Any CPU
		{3100AD75-284C-43D1-955B-5651C11694EE}.Release|x86.ActiveCfg = Release|Any CPU
		{3100AD75-284C-43D1-955B-5651C11694EE}.Release|x86.Build.0 = Release|Any CPU
		{99EE4293-8225-47FA-A244-E45A08688D8C}.Debug|Any CPU.ActiveCfg = Debug|Any CPU
		{99EE4293-8225-47FA-A244-E45A08688D8C}.Debug|Any CPU.Build.0 = Debug|Any CPU
		{99EE4293-8225-47FA-A244-E45A08688D8C}.Debug|ARM.ActiveCfg = Debug|Any CPU
		{99EE4293-8225-47FA-A244-E45A08688D8C}.Debug|ARM.Build.0 = Debug|Any CPU
		{99EE4293-8225-47FA-A244-E45A08688D8C}.Debug|ARM64.ActiveCfg = Debug|Any CPU
		{99EE4293-8225-47FA-A244-E45A08688D8C}.Debug|ARM64.Build.0 = Debug|Any CPU
		{99EE4293-8225-47FA-A244-E45A08688D8C}.Debug|x64.ActiveCfg = Debug|Any CPU
		{99EE4293-8225-47FA-A244-E45A08688D8C}.Debug|x64.Build.0 = Debug|Any CPU
		{99EE4293-8225-47FA-A244-E45A08688D8C}.Debug|x86.ActiveCfg = Debug|Any CPU
		{99EE4293-8225-47FA-A244-E45A08688D8C}.Debug|x86.Build.0 = Debug|Any CPU
		{99EE4293-8225-47FA-A244-E45A08688D8C}.Release|Any CPU.ActiveCfg = Release|Any CPU
		{99EE4293-8225-47FA-A244-E45A08688D8C}.Release|Any CPU.Build.0 = Release|Any CPU
		{99EE4293-8225-47FA-A244-E45A08688D8C}.Release|ARM.ActiveCfg = Release|Any CPU
		{99EE4293-8225-47FA-A244-E45A08688D8C}.Release|ARM.Build.0 = Release|Any CPU
		{99EE4293-8225-47FA-A244-E45A08688D8C}.Release|ARM64.ActiveCfg = Release|Any CPU
		{99EE4293-8225-47FA-A244-E45A08688D8C}.Release|ARM64.Build.0 = Release|Any CPU
		{99EE4293-8225-47FA-A244-E45A08688D8C}.Release|x64.ActiveCfg = Release|Any CPU
		{99EE4293-8225-47FA-A244-E45A08688D8C}.Release|x64.Build.0 = Release|Any CPU
		{99EE4293-8225-47FA-A244-E45A08688D8C}.Release|x86.ActiveCfg = Release|Any CPU
		{99EE4293-8225-47FA-A244-E45A08688D8C}.Release|x86.Build.0 = Release|Any CPU
		{5C3854F9-8D12-4D24-84F5-8536291B48BC}.Debug|Any CPU.ActiveCfg = Debug|Any CPU
		{5C3854F9-8D12-4D24-84F5-8536291B48BC}.Debug|Any CPU.Build.0 = Debug|Any CPU
		{5C3854F9-8D12-4D24-84F5-8536291B48BC}.Debug|ARM.ActiveCfg = Debug|Any CPU
		{5C3854F9-8D12-4D24-84F5-8536291B48BC}.Debug|ARM.Build.0 = Debug|Any CPU
		{5C3854F9-8D12-4D24-84F5-8536291B48BC}.Debug|ARM64.ActiveCfg = Debug|Any CPU
		{5C3854F9-8D12-4D24-84F5-8536291B48BC}.Debug|ARM64.Build.0 = Debug|Any CPU
		{5C3854F9-8D12-4D24-84F5-8536291B48BC}.Debug|x64.ActiveCfg = Debug|Any CPU
		{5C3854F9-8D12-4D24-84F5-8536291B48BC}.Debug|x64.Build.0 = Debug|Any CPU
		{5C3854F9-8D12-4D24-84F5-8536291B48BC}.Debug|x86.ActiveCfg = Debug|Any CPU
		{5C3854F9-8D12-4D24-84F5-8536291B48BC}.Debug|x86.Build.0 = Debug|Any CPU
		{5C3854F9-8D12-4D24-84F5-8536291B48BC}.Release|Any CPU.ActiveCfg = Release|Any CPU
		{5C3854F9-8D12-4D24-84F5-8536291B48BC}.Release|Any CPU.Build.0 = Release|Any CPU
		{5C3854F9-8D12-4D24-84F5-8536291B48BC}.Release|ARM.ActiveCfg = Release|Any CPU
		{5C3854F9-8D12-4D24-84F5-8536291B48BC}.Release|ARM.Build.0 = Release|Any CPU
		{5C3854F9-8D12-4D24-84F5-8536291B48BC}.Release|ARM64.ActiveCfg = Release|Any CPU
		{5C3854F9-8D12-4D24-84F5-8536291B48BC}.Release|ARM64.Build.0 = Release|Any CPU
		{5C3854F9-8D12-4D24-84F5-8536291B48BC}.Release|x64.ActiveCfg = Release|Any CPU
		{5C3854F9-8D12-4D24-84F5-8536291B48BC}.Release|x64.Build.0 = Release|Any CPU
		{5C3854F9-8D12-4D24-84F5-8536291B48BC}.Release|x86.ActiveCfg = Release|Any CPU
		{5C3854F9-8D12-4D24-84F5-8536291B48BC}.Release|x86.Build.0 = Release|Any CPU
		{8DC4763A-3A53-4600-9241-80ECA6943EFA}.Debug|Any CPU.ActiveCfg = Debug|Any CPU
		{8DC4763A-3A53-4600-9241-80ECA6943EFA}.Debug|Any CPU.Build.0 = Debug|Any CPU
		{8DC4763A-3A53-4600-9241-80ECA6943EFA}.Debug|ARM.ActiveCfg = Debug|Any CPU
		{8DC4763A-3A53-4600-9241-80ECA6943EFA}.Debug|ARM.Build.0 = Debug|Any CPU
		{8DC4763A-3A53-4600-9241-80ECA6943EFA}.Debug|ARM64.ActiveCfg = Debug|Any CPU
		{8DC4763A-3A53-4600-9241-80ECA6943EFA}.Debug|ARM64.Build.0 = Debug|Any CPU
		{8DC4763A-3A53-4600-9241-80ECA6943EFA}.Debug|x64.ActiveCfg = Debug|Any CPU
		{8DC4763A-3A53-4600-9241-80ECA6943EFA}.Debug|x64.Build.0 = Debug|Any CPU
		{8DC4763A-3A53-4600-9241-80ECA6943EFA}.Debug|x86.ActiveCfg = Debug|Any CPU
		{8DC4763A-3A53-4600-9241-80ECA6943EFA}.Debug|x86.Build.0 = Debug|Any CPU
		{8DC4763A-3A53-4600-9241-80ECA6943EFA}.Release|Any CPU.ActiveCfg = Release|Any CPU
		{8DC4763A-3A53-4600-9241-80ECA6943EFA}.Release|Any CPU.Build.0 = Release|Any CPU
		{8DC4763A-3A53-4600-9241-80ECA6943EFA}.Release|ARM.ActiveCfg = Release|Any CPU
		{8DC4763A-3A53-4600-9241-80ECA6943EFA}.Release|ARM.Build.0 = Release|Any CPU
		{8DC4763A-3A53-4600-9241-80ECA6943EFA}.Release|ARM64.ActiveCfg = Release|Any CPU
		{8DC4763A-3A53-4600-9241-80ECA6943EFA}.Release|ARM64.Build.0 = Release|Any CPU
		{8DC4763A-3A53-4600-9241-80ECA6943EFA}.Release|x64.ActiveCfg = Release|Any CPU
		{8DC4763A-3A53-4600-9241-80ECA6943EFA}.Release|x64.Build.0 = Release|Any CPU
		{8DC4763A-3A53-4600-9241-80ECA6943EFA}.Release|x86.ActiveCfg = Release|Any CPU
		{8DC4763A-3A53-4600-9241-80ECA6943EFA}.Release|x86.Build.0 = Release|Any CPU
		{0B7F6944-ECC9-4D23-8939-5D8852E1EEAE}.Debug|Any CPU.ActiveCfg = Debug|Any CPU
		{0B7F6944-ECC9-4D23-8939-5D8852E1EEAE}.Debug|Any CPU.Build.0 = Debug|Any CPU
		{0B7F6944-ECC9-4D23-8939-5D8852E1EEAE}.Debug|ARM.ActiveCfg = Debug|Any CPU
		{0B7F6944-ECC9-4D23-8939-5D8852E1EEAE}.Debug|ARM.Build.0 = Debug|Any CPU
		{0B7F6944-ECC9-4D23-8939-5D8852E1EEAE}.Debug|ARM64.ActiveCfg = Debug|Any CPU
		{0B7F6944-ECC9-4D23-8939-5D8852E1EEAE}.Debug|ARM64.Build.0 = Debug|Any CPU
		{0B7F6944-ECC9-4D23-8939-5D8852E1EEAE}.Debug|x64.ActiveCfg = Debug|Any CPU
		{0B7F6944-ECC9-4D23-8939-5D8852E1EEAE}.Debug|x64.Build.0 = Debug|Any CPU
		{0B7F6944-ECC9-4D23-8939-5D8852E1EEAE}.Debug|x86.ActiveCfg = Debug|Any CPU
		{0B7F6944-ECC9-4D23-8939-5D8852E1EEAE}.Debug|x86.Build.0 = Debug|Any CPU
		{0B7F6944-ECC9-4D23-8939-5D8852E1EEAE}.Release|Any CPU.ActiveCfg = Release|Any CPU
		{0B7F6944-ECC9-4D23-8939-5D8852E1EEAE}.Release|Any CPU.Build.0 = Release|Any CPU
		{0B7F6944-ECC9-4D23-8939-5D8852E1EEAE}.Release|ARM.ActiveCfg = Release|Any CPU
		{0B7F6944-ECC9-4D23-8939-5D8852E1EEAE}.Release|ARM.Build.0 = Release|Any CPU
		{0B7F6944-ECC9-4D23-8939-5D8852E1EEAE}.Release|ARM64.ActiveCfg = Release|Any CPU
		{0B7F6944-ECC9-4D23-8939-5D8852E1EEAE}.Release|ARM64.Build.0 = Release|Any CPU
		{0B7F6944-ECC9-4D23-8939-5D8852E1EEAE}.Release|x64.ActiveCfg = Release|Any CPU
		{0B7F6944-ECC9-4D23-8939-5D8852E1EEAE}.Release|x64.Build.0 = Release|Any CPU
		{0B7F6944-ECC9-4D23-8939-5D8852E1EEAE}.Release|x86.ActiveCfg = Release|Any CPU
		{0B7F6944-ECC9-4D23-8939-5D8852E1EEAE}.Release|x86.Build.0 = Release|Any CPU
		{34DB04F5-C12C-4564-A112-354603B29023}.Debug|Any CPU.ActiveCfg = Debug|Any CPU
		{34DB04F5-C12C-4564-A112-354603B29023}.Debug|Any CPU.Build.0 = Debug|Any CPU
		{34DB04F5-C12C-4564-A112-354603B29023}.Debug|ARM.ActiveCfg = Debug|Any CPU
		{34DB04F5-C12C-4564-A112-354603B29023}.Debug|ARM.Build.0 = Debug|Any CPU
		{34DB04F5-C12C-4564-A112-354603B29023}.Debug|ARM64.ActiveCfg = Debug|Any CPU
		{34DB04F5-C12C-4564-A112-354603B29023}.Debug|ARM64.Build.0 = Debug|Any CPU
		{34DB04F5-C12C-4564-A112-354603B29023}.Debug|x64.ActiveCfg = Debug|Any CPU
		{34DB04F5-C12C-4564-A112-354603B29023}.Debug|x64.Build.0 = Debug|Any CPU
		{34DB04F5-C12C-4564-A112-354603B29023}.Debug|x86.ActiveCfg = Debug|Any CPU
		{34DB04F5-C12C-4564-A112-354603B29023}.Debug|x86.Build.0 = Debug|Any CPU
		{34DB04F5-C12C-4564-A112-354603B29023}.Release|Any CPU.ActiveCfg = Release|Any CPU
		{34DB04F5-C12C-4564-A112-354603B29023}.Release|Any CPU.Build.0 = Release|Any CPU
		{34DB04F5-C12C-4564-A112-354603B29023}.Release|ARM.ActiveCfg = Release|Any CPU
		{34DB04F5-C12C-4564-A112-354603B29023}.Release|ARM.Build.0 = Release|Any CPU
		{34DB04F5-C12C-4564-A112-354603B29023}.Release|ARM64.ActiveCfg = Release|Any CPU
		{34DB04F5-C12C-4564-A112-354603B29023}.Release|ARM64.Build.0 = Release|Any CPU
		{34DB04F5-C12C-4564-A112-354603B29023}.Release|x64.ActiveCfg = Release|Any CPU
		{34DB04F5-C12C-4564-A112-354603B29023}.Release|x64.Build.0 = Release|Any CPU
		{34DB04F5-C12C-4564-A112-354603B29023}.Release|x86.ActiveCfg = Release|Any CPU
		{34DB04F5-C12C-4564-A112-354603B29023}.Release|x86.Build.0 = Release|Any CPU
	EndGlobalSection
	GlobalSection(SolutionProperties) = preSolution
		HideSolutionNode = FALSE
	EndGlobalSection
	GlobalSection(ExtensibilityGlobals) = postSolution
		SolutionGuid = {CCA235D7-091C-47FC-BE72-1B1C1B133511}
	EndGlobalSection
EndGlobal
